<?xml version="1.0" encoding="utf-8"?>
<Project ToolsVersion="4.0" xmlns="http://schemas.microsoft.com/developer/msbuild/2003">
  <ItemGroup>
    <Filter Include="Source Files">
      <UniqueIdentifier>{4FC737F1-C7A5-4376-A066-2A32D752A2FF}</UniqueIdentifier>
      <Extensions>cpp;c;cc;cxx;def;odl;idl;hpj;bat;asm;asmx</Extensions>
    </Filter>
    <Filter Include="Header Files">
      <UniqueIdentifier>{93995380-89BD-4b04-88EB-625FBE52EBFB}</UniqueIdentifier>
      <Extensions>h;hh;hpp;hxx;hm;inl;inc;ipp;xsd</Extensions>
    </Filter>
    <Filter Include="Resource Files">
      <UniqueIdentifier>{67DA6AB6-F800-4c08-8B7A-83BB121AAD01}</UniqueIdentifier>
      <Extensions>rc;ico;cur;bmp;dlg;rc2;rct;bin;rgs;gif;jpg;jpeg;jpe;resx;tiff;tif;png;wav;mfcribbon-ms</Extensions>
    </Filter>
  </ItemGroup>
  <ItemGroup>
    <Text Include="framework\shaders\cs.txt" />
    <Text Include="framework\shaders\fs.txt" />
    <Text Include="framework\shaders\textfs.txt" />
    <Text Include="framework\shaders\textgs.txt" />
    <Text Include="framework\shaders\textvs.txt" />
    <Text Include="framework\shaders\uniforms.txt" />
    <Text Include="framework\shaders\vs.txt" />
    <Text Include="framework\uniforms.txt" />
  </ItemGroup>
  <ItemGroup>
    <ClInclude Include="framework\Buffer.h">
      <Filter>Header Files</Filter>
    </ClInclude>
    <ClInclude Include="framework\Camera.h">
      <Filter>Header Files</Filter>
    </ClInclude>
    <ClInclude Include="framework\DataTexture2DArray.h">
      <Filter>Header Files</Filter>
    </ClInclude>
    <ClInclude Include="framework\draw.h">
      <Filter>Header Files</Filter>
    </ClInclude>
    <ClInclude Include="framework\Framebuffer.h">
      <Filter>Header Files</Filter>
    </ClInclude>
    <ClInclude Include="framework\glcorearb.h">
      <Filter>Header Files</Filter>
    </ClInclude>
    <ClInclude Include="framework\glfuncs.h">
      <Filter>Header Files</Filter>
    </ClInclude>
    <ClInclude Include="framework\Globals.h">
      <Filter>Header Files</Filter>
    </ClInclude>
    <ClInclude Include="framework\Image.h">
      <Filter>Header Files</Filter>
    </ClInclude>
    <ClInclude Include="framework\ImageTexture2DArray.h">
      <Filter>Header Files</Filter>
    </ClInclude>
    <ClInclude Include="framework\ImageTextureCube.h">
      <Filter>Header Files</Filter>
    </ClInclude>
    <ClInclude Include="framework\math3d.h">
      <Filter>Header Files</Filter>
    </ClInclude>
    <ClInclude Include="framework\Mesh.h">
      <Filter>Header Files</Filter>
    </ClInclude>
    <ClInclude Include="framework\miniz_common.h">
      <Filter>Header Files</Filter>
    </ClInclude>
    <ClInclude Include="framework\miniz_tinfl.h">
      <Filter>Header Files</Filter>
    </ClInclude>
    <ClInclude Include="framework\Program.h">
      <Filter>Header Files</Filter>
    </ClInclude>
    <ClInclude Include="framework\Sampler.h">
      <Filter>Header Files</Filter>
    </ClInclude>
    <ClInclude Include="framework\Scene.h">
      <Filter>Header Files</Filter>
    </ClInclude>
    <ClInclude Include="framework\setup.h">
      <Filter>Header Files</Filter>
    </ClInclude>
    <ClInclude Include="framework\Sphere.h">
      <Filter>Header Files</Filter>
    </ClInclude>
    <ClInclude Include="framework\Text.h">
      <Filter>Header Files</Filter>
    </ClInclude>
    <ClInclude Include="framework\Texture.h">
      <Filter>Header Files</Filter>
    </ClInclude>
    <ClInclude Include="framework\Texture2DArray.h">
      <Filter>Header Files</Filter>
    </ClInclude>
    <ClInclude Include="framework\TextureCube.h">
      <Filter>Header Files</Filter>
    </ClInclude>
    <ClInclude Include="framework\Triangle.h">
      <Filter>Header Files</Filter>
    </ClInclude>
    <ClInclude Include="framework\UnitSquare.h">
      <Filter>Header Files</Filter>
    </ClInclude>
    <ClInclude Include="framework\utils.h">
      <Filter>Header Files</Filter>
    </ClInclude>
    <ClInclude Include="framework\update.h">
      <Filter>Header Files</Filter>
    </ClInclude>
    <ClInclude Include="framework\winsetup.h">
      <Filter>Header Files</Filter>
    </ClInclude>
    <ClInclude Include="framework\Zip.h">
      <Filter>Header Files</Filter>
    </ClInclude>
    <ClInclude Include="framework\traceRay.h">
      <Filter>Header Files</Filter>
    </ClInclude>
  </ItemGroup>
  <ItemGroup>
    <ClCompile Include="framework\glfuncs.cpp">
      <Filter>Source Files</Filter>
    </ClCompile>
    <ClCompile Include="framework\main.cpp">
      <Filter>Source Files</Filter>
    </ClCompile>
    <ClCompile Include="framework\miniz_tinfl.c">
      <Filter>Source Files</Filter>
    </ClCompile>
    <ClCompile Include="framework\statics.cpp">
      <Filter>Source Files</Filter>
    </ClCompile>
  </ItemGroup>
  <ItemGroup>
    <None Include="framework\Makefile" />
  </ItemGroup>
</Project>